dependencies:
- name: argo-cd
  repository: https://argoproj.github.io/argo-helm
  version: 4.9.14
- name: workload-identity-webhook
  repository: https://azure.github.io/azure-workload-identity/charts
  version: 0.12.0
digest: sha256:0cbba95f4af2ae1f34aee261e9f82cc0a9df3e1322755839155cbc2acd9c0dc2
generated: "2022-08-13T22:29:57.21762-05:00"
